
Microsoft Visual Studio Solution File, Format Version 12.00
# Visual Studio 2017
Project("{FAE04EC0-301F-11D3-BF4B-00C04F79EFBC}") = "interface_utilisateur", "interface_utilisateur.csproj", "{13619C03-0F5A-5C46-34EC-1536DF6ABEA2}"
EndProject
Global
	GlobalSection(SolutionConfigurationPlatforms) = preSolution
		Debug|Any CPU = Debug|Any CPU
		Release|Any CPU = Release|Any CPU
	EndGlobalSection
	GlobalSection(ProjectConfigurationPlatforms) = postSolution
		{13619C03-0F5A-5C46-34EC-1536DF6ABEA2}.Debug|Any CPU.ActiveCfg = Debug|Any CPU
		{13619C03-0F5A-5C46-34EC-1536DF6ABEA2}.Debug|Any CPU.Build.0 = Debug|Any CPU
		{13619C03-0F5A-5C46-34EC-1536DF6ABEA2}.Release|Any CPU.ActiveCfg = Release|Any CPU
		{13619C03-0F5A-5C46-34EC-1536DF6ABEA2}.Release|Any CPU.Build.0 = Release|Any CPU
	EndGlobalSection
	GlobalSection(SolutionProperties) = preSolution
		HideSolutionNode = FALSE
	EndGlobalSection
EndGlobal
